# @generated by Move, please check-in and do not edit manually.

[move]
version = 2
manifest_digest = "79C1CDFD9C912469B82A1670AEAA942F4D39388B864ABA831141C13BD3FC1B77"
deps_digest = "060AD7E57DFB13104F21BE5F5C3759D03F0553FC3229247D9A7A6B45F50D03A3"
dependencies = [
  { name = "Sui" },
  { name = "balanced_dollar" },
  { name = "xcall" },
]

[[move.package]]
name = "MoveStdlib"
source = { git = "https://github.com/MystenLabs/sui.git", rev = "framework/testnet", subdir = "crates/sui-framework/packages/move-stdlib" }

[[move.package]]
name = "Sui"
source = { git = "https://github.com/MystenLabs/sui.git", rev = "framework/testnet", subdir = "crates/sui-framework/packages/sui-framework" }

dependencies = [
  { name = "MoveStdlib" },
]

[[move.package]]
name = "balanced_dollar"
source = { local = "balanced_dollar" }

dependencies = [
  { name = "Sui" },
]

[[move.package]]
name = "sui_rlp"
source = { git = "https://github.com/icon-project/xcall-multi.git", rev = "feat/sui-xcall-contracts", subdir = "contracts/sui/libs/sui_rlp" }

dependencies = [
  { name = "Sui" },
]

[[move.package]]
name = "xcall"
source = { git = "https://github.com/icon-project/xcall-multi.git", rev = "feat/sui-xcall-contracts", subdir = "contracts/sui/xcall" }

dependencies = [
  { name = "Sui" },
  { name = "sui_rlp" },
]

[move.toolchain-version]
compiler-version = "1.25.1"
edition = "2024.beta"
flavor = "sui"

[env]

[env.devnet]
chain-id = "bd665407"
original-published-id = "0xc3b318607b37719d40d57063b264ad13222cd7427ea8699c98e7f5480f846444"
latest-published-id = "0xc3b318607b37719d40d57063b264ad13222cd7427ea8699c98e7f5480f846444"
published-version = "1"
