# @generated by Move, please check-in and do not edit manually.

[move]
version = 2
manifest_digest = "0814758C0401632702E53F5CA15B8A62741A4465059D8360D43F323630B3B4C5"
deps_digest = "060AD7E57DFB13104F21BE5F5C3759D03F0553FC3229247D9A7A6B45F50D03A3"
dependencies = [
  { name = "Sui" },
  { name = "balanced_dollar" },
  { name = "xcall" },
]

[[move.package]]
name = "MoveStdlib"
source = { git = "https://github.com/MystenLabs/sui.git", rev = "framework/mainnet", subdir = "crates/sui-framework/packages/move-stdlib" }

[[move.package]]
name = "Sui"
source = { git = "https://github.com/MystenLabs/sui.git", rev = "framework/mainnet", subdir = "crates/sui-framework/packages/sui-framework" }

dependencies = [
  { name = "MoveStdlib" },
]

[[move.package]]
name = "balanced_dollar"
source = { local = "balanced_dollar" }

dependencies = [
  { name = "Sui" },
]

[[move.package]]
name = "sui_rlp"
source = { git = "https://github.com/icon-project/xcall-multi.git", rev = "sui-xcall-mainnet-deploy", subdir = "contracts/sui/libs/sui_rlp" }

dependencies = [
  { name = "Sui" },
]

[[move.package]]
name = "xcall"
source = { git = "https://github.com/icon-project/xcall-multi.git", rev = "sui-xcall-mainnet-deploy", subdir = "contracts/sui/xcall" }

dependencies = [
  { name = "Sui" },
  { name = "sui_rlp" },
]

[move.toolchain-version]
compiler-version = "1.30.1"
edition = "2024.beta"
flavor = "sui"

[env]

[env.devnet]
chain-id = "bd665407"
original-published-id = "0xc3b318607b37719d40d57063b264ad13222cd7427ea8699c98e7f5480f846444"
latest-published-id = "0xc3b318607b37719d40d57063b264ad13222cd7427ea8699c98e7f5480f846444"
published-version = "1"

[env.mainnet]
chain-id = "35834a8a"
original-published-id = "0x8e5eea2ec2d387432a423813107bd873dfb05c2ed22a9c8f61d55211b759560b"
latest-published-id = "0xede387fa2f3789f2e64d46744741d317b21f3022488d8f8ef850b3855ae37919"
published-version = "6"
