# @generated by Move, please check-in and do not edit manually.

[move]
version = 3
manifest_digest = "96BB638685E956620BAF735C80B4AC24CD1C1F4D2C69DECB2722462C94F30A5D"

deps_digest = "060AD7E57DFB13104F21BE5F5C3759D03F0553FC3229247D9A7A6B45F50D03A3"
dependencies = [
  { id = "Sui", name = "Sui" },
  { id = "balanced_dollar", name = "balanced_dollar" },
  { id = "xcall", name = "xcall" },
]

[[move.package]]
id = "MoveStdlib"
source = { git = "https://github.com/MystenLabs/sui.git", rev = "framework/testnet", subdir = "crates/sui-framework/packages/move-stdlib" }

[[move.package]]
id = "Sui"
source = { git = "https://github.com/MystenLabs/sui.git", rev = "framework/testnet", subdir = "crates/sui-framework/packages/sui-framework" }

dependencies = [
  { id = "MoveStdlib", name = "MoveStdlib" },
]

[[move.package]]
id = "balanced_dollar"
source = { local = "../balanced_tokens/balanced_dollar" }

dependencies = [
  { id = "Sui", name = "Sui" },
]

[[move.package]]
id = "sui_rlp"
source = { git = "https://github.com/icon-project/xcall-multi.git", rev = "sui-xcall-testnet-deploy", subdir = "contracts/sui/libs/sui_rlp" }

dependencies = [
  { id = "Sui", name = "Sui" },
]

[[move.package]]
id = "xcall"
source = { git = "https://github.com/icon-project/xcall-multi.git", rev = "sui-xcall-testnet-deploy", subdir = "contracts/sui/xcall" }

dependencies = [
  { id = "Sui", name = "Sui" },
  { id = "sui_rlp", name = "sui_rlp" },
]

[move.toolchain-version]
compiler-version = "1.37.1"
edition = "2024.beta"
flavor = "sui"

[env]

[env.devnet]
chain-id = "bd665407"
original-published-id = "0xc3b318607b37719d40d57063b264ad13222cd7427ea8699c98e7f5480f846444"
latest-published-id = "0xc3b318607b37719d40d57063b264ad13222cd7427ea8699c98e7f5480f846444"
published-version = "1"

[env.testnet]
chain-id = "4c78adac"
original-published-id = "0xbaa0fb7107f9a01ef1cd10c5464534943df999c5b69829006ff14866c56b2b44"
latest-published-id = "0x273507b0283232d745a8cef8c4ebb794708dc4522d00d93464daefa44345a5e1"
published-version = "11"
