# @generated by Move, please check-in and do not edit manually.

[move]
version = 3
manifest_digest = "EF966D70D885241E0F89C1525692E58286446C6A1489EB18CE635A0AD48F666D"
deps_digest = "F8BBB0CCB2491CA29A3DF03D6F92277A4F3574266507ACD77214D37ECA3F3082"
dependencies = [
  { id = "Sui", name = "Sui" },
]

[[move.package]]
id = "MoveStdlib"
source = { git = "https://github.com/MystenLabs/sui.git", rev = "framework/testnet", subdir = "crates/sui-framework/packages/move-stdlib" }

[[move.package]]
id = "Sui"
source = { git = "https://github.com/MystenLabs/sui.git", rev = "framework/testnet", subdir = "crates/sui-framework/packages/sui-framework" }

dependencies = [
  { id = "MoveStdlib", name = "MoveStdlib" },
]

[move.toolchain-version]
compiler-version = "1.37.1"
edition = "2024.beta"
flavor = "sui"

[env]

[env.testnet]
chain-id = "4c78adac"
original-published-id = "0xa2d8a8b3708051096cb35e7f129e18fb45540a5da9b877b541b023d126fb7a29"
latest-published-id = "0xa2d8a8b3708051096cb35e7f129e18fb45540a5da9b877b541b023d126fb7a29"
published-version = "1"
