# @generated by Move, please check-in and do not edit manually.

[move]
version = 2
manifest_digest = "B1664DCE48D476167015E4D7A41A63363C10B795E03370925BDFE916CEC10326"
deps_digest = "F8BBB0CCB2491CA29A3DF03D6F92277A4F3574266507ACD77214D37ECA3F3082"
dependencies = [
  { name = "Sui" },
]

[[move.package]]
name = "MoveStdlib"
source = { git = "https://github.com/MystenLabs/sui.git", rev = "framework/mainnet", subdir = "crates/sui-framework/packages/move-stdlib" }

[[move.package]]
name = "Sui"
source = { git = "https://github.com/MystenLabs/sui.git", rev = "framework/mainnet", subdir = "crates/sui-framework/packages/sui-framework" }

dependencies = [
  { name = "MoveStdlib" },
]

[move.toolchain-version]
compiler-version = "1.30.1"
edition = "2024.beta"
flavor = "sui"

[env]

[env.mainnet]
chain-id = "35834a8a"
original-published-id = "0x03917a812fe4a6d6bc779c5ab53f8a80ba741f8af04121193fc44e0f662e2ceb"
latest-published-id = "0x03917a812fe4a6d6bc779c5ab53f8a80ba741f8af04121193fc44e0f662e2ceb"
published-version = "1"
