# @generated by Move, please check-in and do not edit manually.

[move]
version = 3
manifest_digest = "3054D7CBA28A888075712F1F5959609C95FD8E9EBFFB9141E74DBB969954BCC7"
deps_digest = "52B406A7A21811BEF51751CF88DA0E76DAEFFEAC888D4F4060B1A72BBE7D8D35"
dependencies = [
  { name = "Sui" },
  { name = "balanced" },
  { name = "balanced_dollar" },
  { name = "balanced_token" },
  { name = "sicx" },
  { name = "xcall" },
]

[[move.package]]
name = "MoveStdlib"
source = { git = "https://github.com/MystenLabs/sui.git", rev = "framework/mainnet", subdir = "crates/sui-framework/packages/move-stdlib" }

[[move.package]]
name = "Sui"
source = { git = "https://github.com/MystenLabs/sui.git", rev = "framework/mainnet", subdir = "crates/sui-framework/packages/sui-framework" }

dependencies = [
  { name = "MoveStdlib" },
]

[[move.package]]
name = "balanced"
source = { local = "../balanced" }

dependencies = [
  { name = "Sui" },
  { name = "balanced_dollar" },
  { name = "xcall" },
]

[[move.package]]
name = "balanced_dollar"
source = { local = "../balanced_tokens/balanced_dollar" }

dependencies = [
  { name = "Sui" },
]

[[move.package]]
name = "balanced_token"
source = { local = "../balanced_tokens/balanced_token" }

dependencies = [
  { name = "Sui" },
]

[[move.package]]
name = "sicx"
source = { local = "../balanced_tokens/sicx" }

dependencies = [
  { name = "Sui" },
]

[[move.package]]
name = "sui_rlp"
source = { git = "https://github.com/icon-project/xcall-multi.git", rev = "sui-xcall-mainnet-deploy", subdir = "contracts/sui/libs/sui_rlp" }

dependencies = [
  { name = "Sui" },
]

[[move.package]]
name = "xcall"
source = { git = "https://github.com/icon-project/xcall-multi.git", rev = "sui-xcall-mainnet-deploy", subdir = "contracts/sui/xcall" }

dependencies = [
  { name = "Sui" },
  { name = "sui_rlp" },
]

[move.toolchain-version]
compiler-version = "1.30.1"
edition = "2024.beta"
flavor = "sui"

[env]

[env.mainnet]
chain-id = "4c78adac"
original-published-id = "0x2bda1780dc59243386d205f1855cde689dbbb87003d71a2518832638589d48cf"
latest-published-id = "0x0420fdd0afe2f06f2ecac4395503565dcb6abaf4b5310298d4abe5f2667911ad"
published-version = "2"
